// !$*UTF8*$!
{
	archiveVersion = 1;
	classes = {
	};
	objectVersion = 50;
	objects = {

/* Begin PBXBuildFile section */
		CDCF7AA2225F141300802BCD /* AppDelegate.swift in Sources */ = {isa = PBXBuildFile; fileRef = CDCF7AA1225F141300802BCD /* AppDelegate.swift */; };
		CDCF7AA4225F141300802BCD /* ViewController.swift in Sources */ = {isa = PBXBuildFile; fileRef = CDCF7AA3225F141300802BCD /* ViewController.swift */; };
		CDCF7AA7225F141300802BCD /* Main.storyboard in Resources */ = {isa = PBXBuildFile; fileRef = CDCF7AA5225F141300802BCD /* Main.storyboard */; };
		CDCF7AA9225F141400802BCD /* Assets.xcassets in Resources */ = {isa = PBXBuildFile; fileRef = CDCF7AA8225F141400802BCD /* Assets.xcassets */; };
		CDCF7AAC225F141400802BCD /* LaunchScreen.storyboard in Resources */ = {isa = PBXBuildFile; fileRef = CDCF7AAA225F141400802BCD /* LaunchScreen.storyboard */; };
		CDCF7AB7225F141500802BCD /* BusinessValueCalculatorTests.swift in Sources */ = {isa = PBXBuildFile; fileRef = CDCF7AB6225F141500802BCD /* BusinessValueCalculatorTests.swift */; };
/* End PBXBuildFile section */

/* Begin PBXContainerItemProxy section */
		CDCF7AB3225F141500802BCD /* PBXContainerItemProxy */ = {
			isa = PBXContainerItemProxy;
			containerPortal = CDCF7A96225F141300802BCD /* Project object */;
			proxyType = 1;
			remoteGlobalIDString = CDCF7A9D225F141300802BCD;
			remoteInfo = BusinessValueCalculator;
		};
/* End PBXContainerItemProxy section */

/* Begin PBXFileReference section */
		CDCF7A9E225F141300802BCD /* BusinessValueCalculator.app */ = {isa = PBXFileReference; explicitFileType = wrapper.application; includeInIndex = 0; path = BusinessValueCalculator.app; sourceTree = BUILT_PRODUCTS_DIR; };
		CDCF7AA1225F141300802BCD /* AppDelegate.swift */ = {isa = PBXFileReference; lastKnownFileType = sourcecode.swift; path = AppDelegate.swift; sourceTree = "<group>"; };
		CDCF7AA3225F141300802BCD /* ViewController.swift */ = {isa = PBXFileReference; lastKnownFileType = sourcecode.swift; path = ViewController.swift; sourceTree = "<group>"; };
		CDCF7AA6225F141300802BCD /* Base */ = {isa = PBXFileReference; lastKnownFileType = file.storyboard; name = Base; path = Base.lproj/Main.storyboard; sourceTree = "<group>"; };
		CDCF7AA8225F141400802BCD /* Assets.xcassets */ = {isa = PBXFileReference; lastKnownFileType = folder.assetcatalog; path = Assets.xcassets; sourceTree = "<group>"; };
		CDCF7AAB225F141400802BCD /* Base */ = {isa = PBXFileReference; lastKnownFileType = file.storyboard; name = Base; path = Base.lproj/LaunchScreen.storyboard; sourceTree = "<group>"; };
		CDCF7AAD225F141400802BCD /* Info.plist */ = {isa = PBXFileReference; lastKnownFileType = text.plist.xml; path = Info.plist; sourceTree = "<group>"; };
		CDCF7AB2225F141500802BCD /* BusinessValueCalculatorTests.xctest */ = {isa = PBXFileReference; explicitFileType = wrapper.cfbundle; includeInIndex = 0; path = BusinessValueCalculatorTests.xctest; sourceTree = BUILT_PRODUCTS_DIR; };
		CDCF7AB6225F141500802BCD /* BusinessValueCalculatorTests.swift */ = {isa = PBXFileReference; lastKnownFileType = sourcecode.swift; path = BusinessValueCalculatorTests.swift; sourceTree = "<group>"; };
		CDCF7AB8225F141500802BCD /* Info.plist */ = {isa = PBXFileReference; lastKnownFileType = text.plist.xml; path = Info.plist; sourceTree = "<group>"; };
/* End PBXFileReference section */

/* Begin PBXFrameworksBuildPhase section */
		CDCF7A9B225F141300802BCD /* Frameworks */ = {
			isa = PBXFrameworksBuildPhase;
			buildActionMask = 2147483647;
			files = (
			);
			runOnlyForDeploymentPostprocessing = 0;
		};
		CDCF7AAF225F141400802BCD /* Frameworks */ = {
			isa = PBXFrameworksBuildPhase;
			buildActionMask = 2147483647;
			files = (
			);
			runOnlyForDeploymentPostprocessing = 0;
		};
/* End PBXFrameworksBuildPhase section */

/* Begin PBXGroup section */
		CDCF7A95225F141300802BCD = {
			isa = PBXGroup;
			children = (
				CDCF7AA0225F141300802BCD /* BusinessValueCalculator */,
				CDCF7AB5225F141500802BCD /* BusinessValueCalculatorTests */,
				CDCF7A9F225F141300802BCD /* Products */,
			);
			sourceTree = "<group>";
		};
		CDCF7A9F225F141300802BCD /* Products */ = {
			isa = PBXGroup;
			children = (
				CDCF7A9E225F141300802BCD /* BusinessValueCalculator.app */,
				CDCF7AB2225F141500802BCD /* BusinessValueCalculatorTests.xctest */,
			);
			name = Products;
			sourceTree = "<group>";
		};
		CDCF7AA0225F141300802BCD /* BusinessValueCalculator */ = {
			isa = PBXGroup;
			children = (
				CDCF7AA1225F141300802BCD /* AppDelegate.swift */,
				CDCF7AA3225F141300802BCD /* ViewController.swift */,
				CDCF7AA5225F141300802BCD /* Main.storyboard */,
				CDCF7AA8225F141400802BCD /* Assets.xcassets */,
				CDCF7AAA225F141400802BCD /* LaunchScreen.storyboard */,
				CDCF7AAD225F141400802BCD /* Info.plist */,
			);
			path = BusinessValueCalculator;
			sourceTree = "<group>";
		};
		CDCF7AB5225F141500802BCD /* BusinessValueCalculatorTests */ = {
			isa = PBXGroup;
			children = (
				CDCF7AB6225F141500802BCD /* BusinessValueCalculatorTests.swift */,
				CDCF7AB8225F141500802BCD /* Info.plist */,
			);
			path = BusinessValueCalculatorTests;
			sourceTree = "<group>";
		};
/* End PBXGroup section */

/* Begin PBXNativeTarget section */
		CDCF7A9D225F141300802BCD /* BusinessValueCalculator */ = {
			isa = PBXNativeTarget;
			buildConfigurationList = CDCF7ABB225F141500802BCD /* Build configuration list for PBXNativeTarget "BusinessValueCalculator" */;
			buildPhases = (
				CDCF7A9A225F141300802BCD /* Sources */,
				CDCF7A9B225F141300802BCD /* Frameworks */,
				CDCF7A9C225F141300802BCD /* Resources */,
			);
			buildRules = (
			);
			dependencies = (
			);
			name = BusinessValueCalculator;
			productName = BusinessValueCalculator;
			productReference = CDCF7A9E225F141300802BCD /* BusinessValueCalculator.app */;
			productType = "com.apple.product-type.application";
		};
		CDCF7AB1225F141400802BCD /* BusinessValueCalculatorTests */ = {
			isa = PBXNativeTarget;
			buildConfigurationList = CDCF7ABE225F141500802BCD /* Build configuration list for PBXNativeTarget "BusinessValueCalculatorTests" */;
			buildPhases = (
				CDCF7AAE225F141400802BCD /* Sources */,
				CDCF7AAF225F141400802BCD /* Frameworks */,
				CDCF7AB0225F141400802BCD /* Resources */,
			);
			buildRules = (
			);
			dependencies = (
				CDCF7AB4225F141500802BCD /* PBXTargetDependency */,
			);
			name = BusinessValueCalculatorTests;
			productName = BusinessValueCalculatorTests;
			productReference = CDCF7AB2225F141500802BCD /* BusinessValueCalculatorTests.xctest */;
			productType = "com.apple.product-type.bundle.unit-test";
		};
/* End PBXNativeTarget section */

/* Begin PBXProject section */
		CDCF7A96225F141300802BCD /* Project object */ = {
			isa = PBXProject;
			attributes = {
				LastSwiftUpdateCheck = 1010;
				LastUpgradeCheck = 1010;
				ORGANIZATIONNAME = SWUCOMPUTER;
				TargetAttributes = {
					CDCF7A9D225F141300802BCD = {
						CreatedOnToolsVersion = 10.1;
					};
					CDCF7AB1225F141400802BCD = {
						CreatedOnToolsVersion = 10.1;
						TestTargetID = CDCF7A9D225F141300802BCD;
					};
				};
			};
			buildConfigurationList = CDCF7A99225F141300802BCD /* Build configuration list for PBXProject "BusinessValueCalculator" */;
			compatibilityVersion = "Xcode 9.3";
			developmentRegion = en;
			hasScannedForEncodings = 0;
			knownRegions = (
				en,
				Base,
			);
			mainGroup = CDCF7A95225F141300802BCD;
			productRefGroup = CDCF7A9F225F141300802BCD /* Products */;
			projectDirPath = "";
			projectRoot = "";
			targets = (
				CDCF7A9D225F141300802BCD /* BusinessValueCalculator */,
				CDCF7AB1225F141400802BCD /* BusinessValueCalculatorTests */,
			);
		};
/* End PBXProject section */

/* Begin PBXResourcesBuildPhase section */
		CDCF7A9C225F141300802BCD /* Resources */ = {
			isa = PBXResourcesBuildPhase;
			buildActionMask = 2147483647;
			files = (
				CDCF7AAC225F141400802BCD /* LaunchScreen.storyboard in Resources */,
				CDCF7AA9225F141400802BCD /* Assets.xcassets in Resources */,
				CDCF7AA7225F141300802BCD /* Main.storyboard in Resources */,
			);
			runOnlyForDeploymentPostprocessing = 0;
		};
		CDCF7AB0225F141400802BCD /* Resources */ = {
			isa = PBXResourcesBuildPhase;
			buildActionMask = 2147483647;
			files = (
			);
			runOnlyForDeploymentPostprocessing = 0;
		};
/* End PBXResourcesBuildPhase section */

/* Begin PBXSourcesBuildPhase section */
		CDCF7A9A225F141300802BCD /* Sources */ = {
			isa = PBXSourcesBuildPhase;
			buildActionMask = 2147483647;
			files = (
				CDCF7AA4225F141300802BCD /* ViewController.swift in Sources */,
				CDCF7AA2225F141300802BCD /* AppDelegate.swift in Sources */,
			);
			runOnlyForDeploymentPostprocessing = 0;
		};
		CDCF7AAE225F141400802BCD /* Sources */ = {
			isa = PBXSourcesBuildPhase;
			buildActionMask = 2147483647;
			files = (
				CDCF7AB7225F141500802BCD /* BusinessValueCalculatorTests.swift in Sources */,
			);
			runOnlyForDeploymentPostprocessing = 0;
		};
/* End PBXSourcesBuildPhase section */

/* Begin PBXTargetDependency section */
		CDCF7AB4225F141500802BCD /* PBXTargetDependency */ = {
			isa = PBXTargetDependency;
			target = CDCF7A9D225F141300802BCD /* BusinessValueCalculator */;
			targetProxy = CDCF7AB3225F141500802BCD /* PBXContainerItemProxy */;
		};
/* End PBXTargetDependency section */

/* Begin PBXVariantGroup section */
		CDCF7AA5225F141300802BCD /* Main.storyboard */ = {
			isa = PBXVariantGroup;
			children = (
				CDCF7AA6225F141300802BCD /* Base */,
			);
			name = Main.storyboard;
			sourceTree = "<group>";
		};
		CDCF7AAA225F141400802BCD /* LaunchScreen.storyboard */ = {
			isa = PBXVariantGroup;
			children = (
				CDCF7AAB225F141400802BCD /* Base */,
			);
			name = LaunchScreen.storyboard;
			sourceTree = "<group>";
		};
/* End PBXVariantGroup section */

/* Begin XCBuildConfiguration section */
		CDCF7AB9225F141500802BCD /* Debug */ = {
			isa = XCBuildConfiguration;
			buildSettings = {
				ALWAYS_SEARCH_USER_PATHS = NO;
				CLANG_ANALYZER_NONNULL = YES;
				CLANG_ANALYZER_NUMBER_OBJECT_CONVERSION = YES_AGGRESSIVE;
				CLANG_CXX_LANGUAGE_STANDARD = "gnu++14";
				CLANG_CXX_LIBRARY = "libc++";
				CLANG_ENABLE_MODULES = YES;
				CLANG_ENABLE_OBJC_ARC = YES;
				CLANG_ENABLE_OBJC_WEAK = YES;
				CLANG_WARN_BLOCK_CAPTURE_AUTORELEASING = YES;
				CLANG_WARN_BOOL_CONVERSION = YES;
				CLANG_WARN_COMMA = YES;
				CLANG_WARN_CONSTANT_CONVERSION = YES;
				CLANG_WARN_DEPRECATED_OBJC_IMPLEMENTATIONS = YES;
				CLANG_WARN_DIRECT_OBJC_ISA_USAGE = YES_ERROR;
				CLANG_WARN_DOCUMENTATION_COMMENTS = YES;
				CLANG_WARN_EMPTY_BODY = YES;
				CLANG_WARN_ENUM_CONVERSION = YES;
				CLANG_WARN_INFINITE_RECURSION = YES;
				CLANG_WARN_INT_CONVERSION = YES;
				CLANG_WARN_NON_LITERAL_NULL_CONVERSION = YES;
				CLANG_WARN_OBJC_IMPLICIT_RETAIN_SELF = YES;
				CLANG_WARN_OBJC_LITERAL_CONVERSION = YES;
				CLANG_WARN_OBJC_ROOT_CLASS = YES_ERROR;
				CLANG_WARN_RANGE_LOOP_ANALYSIS = YES;
				CLANG_WARN_STRICT_PROTOTYPES = YES;
				CLANG_WARN_SUSPICIOUS_MOVE = YES;
				CLANG_WARN_UNGUARDED_AVAILABILITY = YES_AGGRESSIVE;
				CLANG_WARN_UNREACHABLE_CODE = YES;
				CLANG_WARN__DUPLICATE_METHOD_MATCH = YES;
				CODE_SIGN_IDENTITY = "iPhone Developer";
				COPY_PHASE_STRIP = NO;
				DEBUG_INFORMATION_FORMAT = dwarf;
				ENABLE_STRICT_OBJC_MSGSEND = YES;
				ENABLE_TESTABILITY = YES;
				GCC_C_LANGUAGE_STANDARD = gnu11;
				GCC_DYNAMIC_NO_PIC = NO;
				GCC_NO_COMMON_BLOCKS = YES;
				GCC_OPTIMIZATION_LEVEL = 0;
				GCC_PREPROCESSOR_DEFINITIONS = (
					"DEBUG=1",
					"$(inherited)",
				);
				GCC_WARN_64_TO_32_BIT_CONVERSION = YES;
				GCC_WARN_ABOUT_RETURN_TYPE = YES_ERROR;
				GCC_WARN_UNDECLARED_SELECTOR = YES;
				GCC_WARN_UNINITIALIZED_AUTOS = YES_AGGRESSIVE;
				GCC_WARN_UNUSED_FUNCTION = YES;
				GCC_WARN_UNUSED_VARIABLE = YES;
				IPHONEOS_DEPLOYMENT_TARGET = 12.1;
				MTL_ENABLE_DEBUG_INFO = INCLUDE_SOURCE;
				MTL_FAST_MATH = YES;
				ONLY_ACTIVE_ARCH = YES;
				SDKROOT = iphoneos;
				SWIFT_ACTIVE_COMPILATION_CONDITIONS = DEBUG;
				SWIFT_OPTIMIZATION_LEVEL = "-Onone";
			};
			name = Debug;
		};
		CDCF7ABA225F141500802BCD /* Release */ = {
			isa = XCBuildConfiguration;
			buildSettings = {
				ALWAYS_SEARCH_USER_PATHS = NO;
				CLANG_ANALYZER_NONNULL = YES;
				CLANG_ANALYZER_NUMBER_OBJECT_CONVERSION = YES_AGGRESSIVE;
				CLANG_CXX_LANGUAGE_STANDARD = "gnu++14";
				CLANG_CXX_LIBRARY = "libc++";
				CLANG_ENABLE_MODULES = YES;
				CLANG_ENABLE_OBJC_ARC = YES;
				CLANG_ENABLE_OBJC_WEAK = YES;
				CLANG_WARN_BLOCK_CAPTURE_AUTORELEASING = YES;
				CLANG_WARN_BOOL_CONVERSION = YES;
				CLANG_WARN_COMMA = YES;
				CLANG_WARN_CONSTANT_CONVERSION = YES;
				CLANG_WARN_DEPRECATED_OBJC_IMPLEMENTATIONS = YES;
				CLANG_WARN_DIRECT_OBJC_ISA_USAGE = YES_ERROR;
				CLANG_WARN_DOCUMENTATION_COMMENTS = YES;
				CLANG_WARN_EMPTY_BODY = YES;
				CLANG_WARN_ENUM_CONVERSION = YES;
				CLANG_WARN_INFINITE_RECURSION = YES;
				CLANG_WARN_INT_CONVERSION = YES;
				CLANG_WARN_NON_LITERAL_NULL_CONVERSION = YES;
				CLANG_WARN_OBJC_IMPLICIT_RETAIN_SELF = YES;
				CLANG_WARN_OBJC_LITERAL_CONVERSION = YES;
				CLANG_WARN_OBJC_ROOT_CLASS = YES_ERROR;
				CLANG_WARN_RANGE_LOOP_ANALYSIS = YES;
				CLANG_WARN_STRICT_PROTOTYPES = YES;
				CLANG_WARN_SUSPICIOUS_MOVE = YES;
				CLANG_WARN_UNGUARDED_AVAILABILITY = YES_AGGRESSIVE;
				CLANG_WARN_UNREACHABLE_CODE = YES;
				CLANG_WARN__DUPLICATE_METHOD_MATCH = YES;
				CODE_SIGN_IDENTITY = "iPhone Developer";
				COPY_PHASE_STRIP = NO;
				DEBUG_INFORMATION_FORMAT = "dwarf-with-dsym";
				ENABLE_NS_ASSERTIONS = NO;
				ENABLE_STRICT_OBJC_MSGSEND = YES;
				GCC_C_LANGUAGE_STANDARD = gnu11;
				GCC_NO_COMMON_BLOCKS = YES;
				GCC_WARN_64_TO_32_BIT_CONVERSION = YES;
				GCC_WARN_ABOUT_RETURN_TYPE = YES_ERROR;
				GCC_WARN_UNDECLARED_SELECTOR = YES;
				GCC_WARN_UNINITIALIZED_AUTOS = YES_AGGRESSIVE;
				GCC_WARN_UNUSED_FUNCTION = YES;
				GCC_WARN_UNUSED_VARIABLE = YES;
				IPHONEOS_DEPLOYMENT_TARGET = 12.1;
				MTL_ENABLE_DEBUG_INFO = NO;
				MTL_FAST_MATH = YES;
				SDKROOT = iphoneos;
				SWIFT_COMPILATION_MODE = wholemodule;
				SWIFT_OPTIMIZATION_LEVEL = "-O";
				VALIDATE_PRODUCT = YES;
			};
			name = Release;
		};
		CDCF7ABC225F141500802BCD /* Debug */ = {
			isa = XCBuildConfiguration;
			buildSettings = {
				ASSETCATALOG_COMPILER_APPICON_NAME = AppIcon;
				CODE_SIGN_STYLE = Automatic;
				INFOPLIST_FILE = BusinessValueCalculator/Info.plist;
				LD_RUNPATH_SEARCH_PATHS = (
					"$(inherited)",
					"@executable_path/Frameworks",
				);
				PRODUCT_BUNDLE_IDENTIFIER = swu.ac.kr.BusinessValueCalculator;
				PRODUCT_NAME = "$(TARGET_NAME)";
				SWIFT_VERSION = 4.2;
				TARGETED_DEVICE_FAMILY = "1,2";
			};
			name = Debug;
		};
		CDCF7ABD225F141500802BCD /* Release */ = {
			isa = XCBuildConfiguration;
			buildSettings = {
				ASSETCATALOG_COMPILER_APPICON_NAME = AppIcon;
				CODE_SIGN_STYLE = Automatic;
				INFOPLIST_FILE = BusinessValueCalculator/Info.plist;
				LD_RUNPATH_SEARCH_PATHS = (
					"$(inherited)",
					"@executable_path/Frameworks",
				);
				PRODUCT_BUNDLE_IDENTIFIER = swu.ac.kr.BusinessValueCalculator;
				PRODUCT_NAME = "$(TARGET_NAME)";
				SWIFT_VERSION = 4.2;
				TARGETED_DEVICE_FAMILY = "1,2";
			};
			name = Release;
		};
		CDCF7ABF225F141500802BCD /* Debug */ = {
			isa = XCBuildConfiguration;
			buildSettings = {
				ALWAYS_EMBED_SWIFT_STANDARD_LIBRARIES = YES;
				BUNDLE_LOADER = "$(TEST_HOST)";
				CODE_SIGN_STYLE = Automatic;
				INFOPLIST_FILE = BusinessValueCalculatorTests/Info.plist;
				LD_RUNPATH_SEARCH_PATHS = (
					"$(inherited)",
					"@executable_path/Frameworks",
					"@loader_path/Frameworks",
				);
				PRODUCT_BUNDLE_IDENTIFIER = swu.ac.kr.BusinessValueCalculatorTests;
				PRODUCT_NAME = "$(TARGET_NAME)";
				SWIFT_VERSION = 4.2;
				TARGETED_DEVICE_FAMILY = "1,2";
				TEST_HOST = "$(BUILT_PRODUCTS_DIR)/BusinessValueCalculator.app/BusinessValueCalculator";
			};
			name = Debug;
		};
		CDCF7AC0225F141500802BCD /* Release */ = {
			isa = XCBuildConfiguration;
			buildSettings = {
				ALWAYS_EMBED_SWIFT_STANDARD_LIBRARIES = YES;
				BUNDLE_LOADER = "$(TEST_HOST)";
				CODE_SIGN_STYLE = Automatic;
				INFOPLIST_FILE = BusinessValueCalculatorTests/Info.plist;
				LD_RUNPATH_SEARCH_PATHS = (
					"$(inherited)",
					"@executable_path/Frameworks",
					"@loader_path/Frameworks",
				);
				PRODUCT_BUNDLE_IDENTIFIER = swu.ac.kr.BusinessValueCalculatorTests;
				PRODUCT_NAME = "$(TARGET_NAME)";
				SWIFT_VERSION = 4.2;
				TARGETED_DEVICE_FAMILY = "1,2";
				TEST_HOST = "$(BUILT_PRODUCTS_DIR)/BusinessValueCalculator.app/BusinessValueCalculator";
			};
			name = Release;
		};
/* End XCBuildConfiguration section */

/* Begin XCConfigurationList section */
		CDCF7A99225F141300802BCD /* Build configuration list for PBXProject "BusinessValueCalculator" */ = {
			isa = XCConfigurationList;
			buildConfigurations = (
				CDCF7AB9225F141500802BCD /* Debug */,
				CDCF7ABA225F141500802BCD /* Release */,
			);
			defaultConfigurationIsVisible = 0;
			defaultConfigurationName = Release;
		};
		CDCF7ABB225F141500802BCD /* Build configuration list for PBXNativeTarget "BusinessValueCalculator" */ = {
			isa = XCConfigurationList;
			buildConfigurations = (
				CDCF7ABC225F141500802BCD /* Debug */,
				CDCF7ABD225F141500802BCD /* Release */,
			);
			defaultConfigurationIsVisible = 0;
			defaultConfigurationName = Release;
		};
		CDCF7ABE225F141500802BCD /* Build configuration list for PBXNativeTarget "BusinessValueCalculatorTests" */ = {
			isa = XCConfigurationList;
			buildConfigurations = (
				CDCF7ABF225F141500802BCD /* Debug */,
				CDCF7AC0225F141500802BCD /* Release */,
			);
			defaultConfigurationIsVisible = 0;
			defaultConfigurationName = Release;
		};
/* End XCConfigurationList section */
	};
	rootObject = CDCF7A96225F141300802BCD /* Project object */;
}
